
Microsoft Visual Studio Solution File, Format Version 12.00
# Visual Studio Version 17
VisualStudioVersion = 17.4.33110.190
MinimumVisualStudioVersion = 10.0.40219.1
Project("{FAE04EC0-301F-11D3-BF4B-00C04F79EFBC}") = "Link", "MVC\Link.csproj", "{215EE52C-8CF3-4932-94D5-2B61144C787B}"
EndProject
Global
	GlobalSection(SolutionConfigurationPlatforms) = preSolution
		Debug|Any CPU = Debug|Any CPU
		Release|Any CPU = Release|Any CPU
	EndGlobalSection
	GlobalSection(ProjectConfigurationPlatforms) = postSolution
		{215EE52C-8CF3-4932-94D5-2B61144C787B}.Debug|Any CPU.ActiveCfg = Debug|Any CPU
		{215EE52C-8CF3-4932-94D5-2B61144C787B}.Debug|Any CPU.Build.0 = Debug|Any CPU
		{215EE52C-8CF3-4932-94D5-2B61144C787B}.Release|Any CPU.ActiveCfg = Release|Any CPU
		{215EE52C-8CF3-4932-94D5-2B61144C787B}.Release|Any CPU.Build.0 = Release|Any CPU
	EndGlobalSection
	GlobalSection(SolutionProperties) = preSolution
		HideSolutionNode = FALSE
	EndGlobalSection
	GlobalSection(ExtensibilityGlobals) = postSolution
		SolutionGuid = {4C325A89-45C0-41DF-B66C-0C0A93B47217}
	EndGlobalSection
EndGlobal
